
Microsoft Visual Studio Solution File, Format Version 12.00
# Visual Studio Version 17
VisualStudioVersion = 17.4.33205.214
MinimumVisualStudioVersion = 10.0.40219.1
Project("{FAE04EC0-301F-11D3-BF4B-00C04F79EFBC}") = "_Application", "LIBRARIEs\_Application\_Application.csproj", "{59659E31-833F-449C-B171-F00DFDDBFA15}"
EndProject
Project("{FAE04EC0-301F-11D3-BF4B-00C04F79EFBC}") = "_DataMaster", "LIBRARIEs\_DataMaster\_DataMaster.csproj", "{50892ED9-A10F-4C21-B1F9-B6413EC5FB0D}"
EndProject
Project("{FAE04EC0-301F-11D3-BF4B-00C04F79EFBC}") = "_Archivators", "LIBRARIEs\_Archivators\_Archivators.csproj", "{6140A7D3-90D3-4B0B-ABDB-71D906ACF89E}"
EndProject
Project("{2150E333-8FDC-42A3-9474-1A3956D46DE8}") = "LIBRARIEs", "LIBRARIEs", "{2CEAB162-FCE8-46C2-AE65-546040AF2DD8}"
EndProject
Project("{FAE04EC0-301F-11D3-BF4B-00C04F79EFBC}") = "_Controls", "LIBRARIEs\_Controls\_Controls.csproj", "{AC81E8C0-5A55-4843-830C-AEE2DAE5E343}"
EndProject
Project("{FAE04EC0-301F-11D3-BF4B-00C04F79EFBC}") = "_DataManager", "LIBRARIEs\_DataManager\_DataManager.csproj", "{FC7B1778-5ABC-4E46-AF8A-5E64039DB251}"
EndProject
Project("{FAE04EC0-301F-11D3-BF4B-00C04F79EFBC}") = "_DataSourceMsSql", "LIBRARIEs\_DataSourceMsSql\_DataSourceMsSql.csproj", "{8D42CBF7-6657-458F-936D-F6278D7E4E82}"
EndProject
Project("{FAE04EC0-301F-11D3-BF4B-00C04F79EFBC}") = "_DataSourceMySql", "LIBRARIEs\_DataSourceMySql\_DataSourceMySql.csproj", "{8D205DA6-5415-4263-9BE8-FCAFCB971EEB}"
EndProject
Project("{FAE04EC0-301F-11D3-BF4B-00C04F79EFBC}") = "_DataSourceSqlite", "LIBRARIEs\_DataSourceSqlite\_DataSourceSqlite.csproj", "{289BBAF9-A98B-4FFB-81E6-0D25EDDCBC69}"
EndProject
Project("{FAE04EC0-301F-11D3-BF4B-00C04F79EFBC}") = "_Email", "LIBRARIEs\_Email\_Email.csproj", "{1E626583-BEF0-4E47-A9E9-E6798560D746}"
EndProject
Project("{FAE04EC0-301F-11D3-BF4B-00C04F79EFBC}") = "_Encryption", "LIBRARIEs\_Encryption\_Encryption.csproj", "{914882E2-EA3D-4FD6-B6BA-FAE8F98DA2E4}"
EndProject
Project("{FAE04EC0-301F-11D3-BF4B-00C04F79EFBC}") = "_NetWork", "LIBRARIEs\_NetWork\_NetWork.csproj", "{C0668D32-16F0-4EF8-8C6E-0AB0A276933E}"
EndProject
Project("{FAE04EC0-301F-11D3-BF4B-00C04F79EFBC}") = "_Reports", "LIBRARIEs\_Reports\_Reports.csproj", "{56B4BB2A-DFEF-456A-A93B-507840684D04}"
EndProject
Project("{FAE04EC0-301F-11D3-BF4B-00C04F79EFBC}") = "_SystemTray", "LIBRARIEs\_SystemTray\_SystemTray.csproj", "{9C519042-09F1-4B84-A9B7-2AB015B1BDF0}"
EndProject
Project("{FAE04EC0-301F-11D3-BF4B-00C04F79EFBC}") = "_Test", "LIBRARIEs\_Test\_Test.csproj", "{BCBC405F-A13F-4B15-A015-02E749370072}"
EndProject
Project("{FAE04EC0-301F-11D3-BF4B-00C04F79EFBC}") = "_Upgrade", "LIBRARIEs\_Upgrade\_Upgrade.csproj", "{3B3086DC-88E2-4CE0-A9A3-A081398305EE}"
EndProject
Project("{FAE04EC0-301F-11D3-BF4B-00C04F79EFBC}") = "_ResourcesImages", "LIBRARIEs\_ResourcesImages\_ResourcesImages.csproj", "{124EF8F7-E3C3-4E98-A4BA-144EE5CFA739}"
EndProject
Project("{FAE04EC0-301F-11D3-BF4B-00C04F79EFBC}") = "_ResourcesSounds", "LIBRARIEs\_ResourcesSounds\_ResourcesSounds.csproj", "{5528CB9B-9EE2-474D-8DB7-3D9BDD78DE6B}"
EndProject
Project("{2150E333-8FDC-42A3-9474-1A3956D46DE8}") = "SOFT", "SOFT", "{3CA23F01-9264-4772-951C-12319469D676}"
EndProject
Project("{2150E333-8FDC-42A3-9474-1A3956D46DE8}") = "TESTs", "TESTs", "{876B259E-4356-464A-84C7-A4B087ED6CF4}"
EndProject
Project("{2150E333-8FDC-42A3-9474-1A3956D46DE8}") = "UTILITEs", "UTILITEs", "{C62A904C-8E67-497E-90BB-2491C799447C}"
EndProject
Project("{2150E333-8FDC-42A3-9474-1A3956D46DE8}") = "ForApplications", "ForApplications", "{66814170-7017-41EF-A60F-7F413404A4B4}"
EndProject
Project("{2150E333-8FDC-42A3-9474-1A3956D46DE8}") = "ForMsSql", "ForMsSql", "{99FD9270-B8AA-4024-81F1-028165527626}"
EndProject
Project("{2150E333-8FDC-42A3-9474-1A3956D46DE8}") = "ForProjects", "ForProjects", "{5B6B34A0-E421-451F-A141-6FB92B8DF6B1}"
EndProject
Project("{FAE04EC0-301F-11D3-BF4B-00C04F79EFBC}") = "ViewProtocols", "UTILITEs\ForApplications\ViewProtocols\ViewProtocols.csproj", "{258B5EB3-015B-45C8-92EA-A6926791EE98}"
EndProject
Project("{FAE04EC0-301F-11D3-BF4B-00C04F79EFBC}") = "ViewReports", "UTILITEs\ForApplications\ViewReports\ViewReports.csproj", "{49F3854D-D8F4-4755-8BD8-D4E33D679355}"
EndProject
Project("{FAE04EC0-301F-11D3-BF4B-00C04F79EFBC}") = "MsBackUp", "UTILITEs\ForMsSql\MsBackUp\MsBackUp.csproj", "{4BD23384-9828-4452-9949-4670D0B7668F}"
EndProject
Project("{FAE04EC0-301F-11D3-BF4B-00C04F79EFBC}") = "MsStructure", "UTILITEs\ForMsSql\MsStructure\MsStructure.csproj", "{205D92D0-9E4C-4C7B-B979-D049A53EB171}"
EndProject
Project("{FAE04EC0-301F-11D3-BF4B-00C04F79EFBC}") = "CsDeleteExtDeploy", "UTILITEs\ForProjects\CsDeleteExtDeploy\CsDeleteExtDeploy.csproj", "{B9444172-B4B4-4A51-8F70-6D435671155C}"
EndProject
Project("{FAE04EC0-301F-11D3-BF4B-00C04F79EFBC}") = "CsDocumentation", "UTILITEs\ForProjects\CsDocumentation\CsDocumentation.csproj", "{722414A8-0AD1-4F95-85DD-C0C9B29F2CBF}"
EndProject
Project("{FAE04EC0-301F-11D3-BF4B-00C04F79EFBC}") = "CsVersionChange", "CsVersionChange\CsVersionChange.csproj", "{7345DE8A-86D4-472B-A704-F381949FD57D}"
EndProject
Project("{2150E333-8FDC-42A3-9474-1A3956D46DE8}") = "Trade", "Trade", "{FAF764A0-7EB0-4049-8BC9-F3B4D20B1063}"
EndProject
Project("{2150E333-8FDC-42A3-9474-1A3956D46DE8}") = "Cabinet", "Cabinet", "{A2470604-4E46-41C0-A8C2-6CBFB45819E4}"
EndProject
Project("{FAE04EC0-301F-11D3-BF4B-00C04F79EFBC}") = "_Cabinet", "SOFT\Cabinet\_Cabinet\_Cabinet.csproj", "{EF6CAC14-567B-451A-88AE-647737B94156}"
EndProject
Project("{FAE04EC0-301F-11D3-BF4B-00C04F79EFBC}") = "_Trade", "SOFT\Trade\_Trade\_Trade.csproj", "{D2C1D1B4-078C-4AD0-B3E0-7D50EFF64271}"
EndProject
Project("{FAE04EC0-301F-11D3-BF4B-00C04F79EFBC}") = "CabinetDb", "SOFT\Cabinet\CabinetDb\CabinetDb.csproj", "{09504A0D-4FC0-4061-9700-A67304BE6AF8}"
EndProject
Project("{FAE04EC0-301F-11D3-BF4B-00C04F79EFBC}") = "TradeDb", "SOFT\Trade\TradeDb\TradeDb.csproj", "{1A12B1C6-1CC7-43EC-83D8-3E7F974BCBB1}"
EndProject
Project("{FAE04EC0-301F-11D3-BF4B-00C04F79EFBC}") = "_System", "LIBRARIEs\_System\_System.csproj", "{87D26A18-E4B8-49FA-A967-9BADEE34A3F3}"
EndProject
Project("{FAE04EC0-301F-11D3-BF4B-00C04F79EFBC}") = "tstApplication", "TESTs\tstApplication\tstApplication.csproj", "{3FA11C2E-78AD-4A8B-8189-C5B81C8998EF}"
EndProject
Global
	GlobalSection(SolutionConfigurationPlatforms) = preSolution
		Debug|Any CPU = Debug|Any CPU
		Release|Any CPU = Release|Any CPU
	EndGlobalSection
	GlobalSection(ProjectConfigurationPlatforms) = postSolution
		{59659E31-833F-449C-B171-F00DFDDBFA15}.Debug|Any CPU.ActiveCfg = Debug|Any CPU
		{59659E31-833F-449C-B171-F00DFDDBFA15}.Debug|Any CPU.Build.0 = Debug|Any CPU
		{59659E31-833F-449C-B171-F00DFDDBFA15}.Release|Any CPU.ActiveCfg = Release|Any CPU
		{59659E31-833F-449C-B171-F00DFDDBFA15}.Release|Any CPU.Build.0 = Release|Any CPU
		{50892ED9-A10F-4C21-B1F9-B6413EC5FB0D}.Debug|Any CPU.ActiveCfg = Debug|Any CPU
		{50892ED9-A10F-4C21-B1F9-B6413EC5FB0D}.Debug|Any CPU.Build.0 = Debug|Any CPU
		{50892ED9-A10F-4C21-B1F9-B6413EC5FB0D}.Release|Any CPU.ActiveCfg = Release|Any CPU
		{50892ED9-A10F-4C21-B1F9-B6413EC5FB0D}.Release|Any CPU.Build.0 = Release|Any CPU
		{6140A7D3-90D3-4B0B-ABDB-71D906ACF89E}.Debug|Any CPU.ActiveCfg = Debug|Any CPU
		{6140A7D3-90D3-4B0B-ABDB-71D906ACF89E}.Debug|Any CPU.Build.0 = Debug|Any CPU
		{6140A7D3-90D3-4B0B-ABDB-71D906ACF89E}.Release|Any CPU.ActiveCfg = Release|Any CPU
		{6140A7D3-90D3-4B0B-ABDB-71D906ACF89E}.Release|Any CPU.Build.0 = Release|Any CPU
		{AC81E8C0-5A55-4843-830C-AEE2DAE5E343}.Debug|Any CPU.ActiveCfg = Debug|Any CPU
		{AC81E8C0-5A55-4843-830C-AEE2DAE5E343}.Debug|Any CPU.Build.0 = Debug|Any CPU
		{AC81E8C0-5A55-4843-830C-AEE2DAE5E343}.Release|Any CPU.ActiveCfg = Release|Any CPU
		{AC81E8C0-5A55-4843-830C-AEE2DAE5E343}.Release|Any CPU.Build.0 = Release|Any CPU
		{FC7B1778-5ABC-4E46-AF8A-5E64039DB251}.Debug|Any CPU.ActiveCfg = Debug|Any CPU
		{FC7B1778-5ABC-4E46-AF8A-5E64039DB251}.Debug|Any CPU.Build.0 = Debug|Any CPU
		{FC7B1778-5ABC-4E46-AF8A-5E64039DB251}.Release|Any CPU.ActiveCfg = Release|Any CPU
		{FC7B1778-5ABC-4E46-AF8A-5E64039DB251}.Release|Any CPU.Build.0 = Release|Any CPU
		{8D42CBF7-6657-458F-936D-F6278D7E4E82}.Debug|Any CPU.ActiveCfg = Debug|Any CPU
		{8D42CBF7-6657-458F-936D-F6278D7E4E82}.Debug|Any CPU.Build.0 = Debug|Any CPU
		{8D42CBF7-6657-458F-936D-F6278D7E4E82}.Release|Any CPU.ActiveCfg = Release|Any CPU
		{8D42CBF7-6657-458F-936D-F6278D7E4E82}.Release|Any CPU.Build.0 = Release|Any CPU
		{8D205DA6-5415-4263-9BE8-FCAFCB971EEB}.Debug|Any CPU.ActiveCfg = Debug|Any CPU
		{8D205DA6-5415-4263-9BE8-FCAFCB971EEB}.Debug|Any CPU.Build.0 = Debug|Any CPU
		{8D205DA6-5415-4263-9BE8-FCAFCB971EEB}.Release|Any CPU.ActiveCfg = Release|Any CPU
		{8D205DA6-5415-4263-9BE8-FCAFCB971EEB}.Release|Any CPU.Build.0 = Release|Any CPU
		{289BBAF9-A98B-4FFB-81E6-0D25EDDCBC69}.Debug|Any CPU.ActiveCfg = Debug|Any CPU
		{289BBAF9-A98B-4FFB-81E6-0D25EDDCBC69}.Debug|Any CPU.Build.0 = Debug|Any CPU
		{289BBAF9-A98B-4FFB-81E6-0D25EDDCBC69}.Release|Any CPU.ActiveCfg = Release|Any CPU
		{289BBAF9-A98B-4FFB-81E6-0D25EDDCBC69}.Release|Any CPU.Build.0 = Release|Any CPU
		{1E626583-BEF0-4E47-A9E9-E6798560D746}.Debug|Any CPU.ActiveCfg = Debug|Any CPU
		{1E626583-BEF0-4E47-A9E9-E6798560D746}.Debug|Any CPU.Build.0 = Debug|Any CPU
		{1E626583-BEF0-4E47-A9E9-E6798560D746}.Release|Any CPU.ActiveCfg = Release|Any CPU
		{1E626583-BEF0-4E47-A9E9-E6798560D746}.Release|Any CPU.Build.0 = Release|Any CPU
		{914882E2-EA3D-4FD6-B6BA-FAE8F98DA2E4}.Debug|Any CPU.ActiveCfg = Debug|Any CPU
		{914882E2-EA3D-4FD6-B6BA-FAE8F98DA2E4}.Debug|Any CPU.Build.0 = Debug|Any CPU
		{914882E2-EA3D-4FD6-B6BA-FAE8F98DA2E4}.Release|Any CPU.ActiveCfg = Release|Any CPU
		{914882E2-EA3D-4FD6-B6BA-FAE8F98DA2E4}.Release|Any CPU.Build.0 = Release|Any CPU
		{C0668D32-16F0-4EF8-8C6E-0AB0A276933E}.Debug|Any CPU.ActiveCfg = Debug|Any CPU
		{C0668D32-16F0-4EF8-8C6E-0AB0A276933E}.Debug|Any CPU.Build.0 = Debug|Any CPU
		{C0668D32-16F0-4EF8-8C6E-0AB0A276933E}.Release|Any CPU.ActiveCfg = Release|Any CPU
		{C0668D32-16F0-4EF8-8C6E-0AB0A276933E}.Release|Any CPU.Build.0 = Release|Any CPU
		{56B4BB2A-DFEF-456A-A93B-507840684D04}.Debug|Any CPU.ActiveCfg = Debug|Any CPU
		{56B4BB2A-DFEF-456A-A93B-507840684D04}.Debug|Any CPU.Build.0 = Debug|Any CPU
		{56B4BB2A-DFEF-456A-A93B-507840684D04}.Release|Any CPU.ActiveCfg = Release|Any CPU
		{56B4BB2A-DFEF-456A-A93B-507840684D04}.Release|Any CPU.Build.0 = Release|Any CPU
		{9C519042-09F1-4B84-A9B7-2AB015B1BDF0}.Debug|Any CPU.ActiveCfg = Debug|Any CPU
		{9C519042-09F1-4B84-A9B7-2AB015B1BDF0}.Debug|Any CPU.Build.0 = Debug|Any CPU
		{9C519042-09F1-4B84-A9B7-2AB015B1BDF0}.Release|Any CPU.ActiveCfg = Release|Any CPU
		{9C519042-09F1-4B84-A9B7-2AB015B1BDF0}.Release|Any CPU.Build.0 = Release|Any CPU
		{BCBC405F-A13F-4B15-A015-02E749370072}.Debug|Any CPU.ActiveCfg = Debug|Any CPU
		{BCBC405F-A13F-4B15-A015-02E749370072}.Debug|Any CPU.Build.0 = Debug|Any CPU
		{BCBC405F-A13F-4B15-A015-02E749370072}.Release|Any CPU.ActiveCfg = Release|Any CPU
		{BCBC405F-A13F-4B15-A015-02E749370072}.Release|Any CPU.Build.0 = Release|Any CPU
		{3B3086DC-88E2-4CE0-A9A3-A081398305EE}.Debug|Any CPU.ActiveCfg = Debug|Any CPU
		{3B3086DC-88E2-4CE0-A9A3-A081398305EE}.Debug|Any CPU.Build.0 = Debug|Any CPU
		{3B3086DC-88E2-4CE0-A9A3-A081398305EE}.Release|Any CPU.ActiveCfg = Release|Any CPU
		{3B3086DC-88E2-4CE0-A9A3-A081398305EE}.Release|Any CPU.Build.0 = Release|Any CPU
		{124EF8F7-E3C3-4E98-A4BA-144EE5CFA739}.Debug|Any CPU.ActiveCfg = Debug|Any CPU
		{124EF8F7-E3C3-4E98-A4BA-144EE5CFA739}.Debug|Any CPU.Build.0 = Debug|Any CPU
		{124EF8F7-E3C3-4E98-A4BA-144EE5CFA739}.Release|Any CPU.ActiveCfg = Release|Any CPU
		{124EF8F7-E3C3-4E98-A4BA-144EE5CFA739}.Release|Any CPU.Build.0 = Release|Any CPU
		{5528CB9B-9EE2-474D-8DB7-3D9BDD78DE6B}.Debug|Any CPU.ActiveCfg = Debug|Any CPU
		{5528CB9B-9EE2-474D-8DB7-3D9BDD78DE6B}.Debug|Any CPU.Build.0 = Debug|Any CPU
		{5528CB9B-9EE2-474D-8DB7-3D9BDD78DE6B}.Release|Any CPU.ActiveCfg = Release|Any CPU
		{5528CB9B-9EE2-474D-8DB7-3D9BDD78DE6B}.Release|Any CPU.Build.0 = Release|Any CPU
		{258B5EB3-015B-45C8-92EA-A6926791EE98}.Debug|Any CPU.ActiveCfg = Debug|Any CPU
		{258B5EB3-015B-45C8-92EA-A6926791EE98}.Debug|Any CPU.Build.0 = Debug|Any CPU
		{258B5EB3-015B-45C8-92EA-A6926791EE98}.Release|Any CPU.ActiveCfg = Release|Any CPU
		{258B5EB3-015B-45C8-92EA-A6926791EE98}.Release|Any CPU.Build.0 = Release|Any CPU
		{49F3854D-D8F4-4755-8BD8-D4E33D679355}.Debug|Any CPU.ActiveCfg = Debug|Any CPU
		{49F3854D-D8F4-4755-8BD8-D4E33D679355}.Debug|Any CPU.Build.0 = Debug|Any CPU
		{49F3854D-D8F4-4755-8BD8-D4E33D679355}.Release|Any CPU.ActiveCfg = Release|Any CPU
		{49F3854D-D8F4-4755-8BD8-D4E33D679355}.Release|Any CPU.Build.0 = Release|Any CPU
		{4BD23384-9828-4452-9949-4670D0B7668F}.Debug|Any CPU.ActiveCfg = Debug|Any CPU
		{4BD23384-9828-4452-9949-4670D0B7668F}.Debug|Any CPU.Build.0 = Debug|Any CPU
		{4BD23384-9828-4452-9949-4670D0B7668F}.Release|Any CPU.ActiveCfg = Release|Any CPU
		{4BD23384-9828-4452-9949-4670D0B7668F}.Release|Any CPU.Build.0 = Release|Any CPU
		{205D92D0-9E4C-4C7B-B979-D049A53EB171}.Debug|Any CPU.ActiveCfg = Debug|Any CPU
		{205D92D0-9E4C-4C7B-B979-D049A53EB171}.Debug|Any CPU.Build.0 = Debug|Any CPU
		{205D92D0-9E4C-4C7B-B979-D049A53EB171}.Release|Any CPU.ActiveCfg = Release|Any CPU
		{205D92D0-9E4C-4C7B-B979-D049A53EB171}.Release|Any CPU.Build.0 = Release|Any CPU
		{B9444172-B4B4-4A51-8F70-6D435671155C}.Debug|Any CPU.ActiveCfg = Debug|Any CPU
		{B9444172-B4B4-4A51-8F70-6D435671155C}.Debug|Any CPU.Build.0 = Debug|Any CPU
		{B9444172-B4B4-4A51-8F70-6D435671155C}.Release|Any CPU.ActiveCfg = Release|Any CPU
		{B9444172-B4B4-4A51-8F70-6D435671155C}.Release|Any CPU.Build.0 = Release|Any CPU
		{722414A8-0AD1-4F95-85DD-C0C9B29F2CBF}.Debug|Any CPU.ActiveCfg = Debug|Any CPU
		{722414A8-0AD1-4F95-85DD-C0C9B29F2CBF}.Debug|Any CPU.Build.0 = Debug|Any CPU
		{722414A8-0AD1-4F95-85DD-C0C9B29F2CBF}.Release|Any CPU.ActiveCfg = Release|Any CPU
		{722414A8-0AD1-4F95-85DD-C0C9B29F2CBF}.Release|Any CPU.Build.0 = Release|Any CPU
		{7345DE8A-86D4-472B-A704-F381949FD57D}.Debug|Any CPU.ActiveCfg = Debug|Any CPU
		{7345DE8A-86D4-472B-A704-F381949FD57D}.Debug|Any CPU.Build.0 = Debug|Any CPU
		{7345DE8A-86D4-472B-A704-F381949FD57D}.Release|Any CPU.ActiveCfg = Release|Any CPU
		{7345DE8A-86D4-472B-A704-F381949FD57D}.Release|Any CPU.Build.0 = Release|Any CPU
		{EF6CAC14-567B-451A-88AE-647737B94156}.Debug|Any CPU.ActiveCfg = Debug|Any CPU
		{EF6CAC14-567B-451A-88AE-647737B94156}.Debug|Any CPU.Build.0 = Debug|Any CPU
		{EF6CAC14-567B-451A-88AE-647737B94156}.Release|Any CPU.ActiveCfg = Release|Any CPU
		{EF6CAC14-567B-451A-88AE-647737B94156}.Release|Any CPU.Build.0 = Release|Any CPU
		{D2C1D1B4-078C-4AD0-B3E0-7D50EFF64271}.Debug|Any CPU.ActiveCfg = Debug|Any CPU
		{D2C1D1B4-078C-4AD0-B3E0-7D50EFF64271}.Debug|Any CPU.Build.0 = Debug|Any CPU
		{D2C1D1B4-078C-4AD0-B3E0-7D50EFF64271}.Release|Any CPU.ActiveCfg = Release|Any CPU
		{D2C1D1B4-078C-4AD0-B3E0-7D50EFF64271}.Release|Any CPU.Build.0 = Release|Any CPU
		{09504A0D-4FC0-4061-9700-A67304BE6AF8}.Debug|Any CPU.ActiveCfg = Debug|Any CPU
		{09504A0D-4FC0-4061-9700-A67304BE6AF8}.Debug|Any CPU.Build.0 = Debug|Any CPU
		{09504A0D-4FC0-4061-9700-A67304BE6AF8}.Release|Any CPU.ActiveCfg = Release|Any CPU
		{09504A0D-4FC0-4061-9700-A67304BE6AF8}.Release|Any CPU.Build.0 = Release|Any CPU
		{1A12B1C6-1CC7-43EC-83D8-3E7F974BCBB1}.Debug|Any CPU.ActiveCfg = Debug|Any CPU
		{1A12B1C6-1CC7-43EC-83D8-3E7F974BCBB1}.Debug|Any CPU.Build.0 = Debug|Any CPU
		{1A12B1C6-1CC7-43EC-83D8-3E7F974BCBB1}.Release|Any CPU.ActiveCfg = Release|Any CPU
		{1A12B1C6-1CC7-43EC-83D8-3E7F974BCBB1}.Release|Any CPU.Build.0 = Release|Any CPU
		{87D26A18-E4B8-49FA-A967-9BADEE34A3F3}.Debug|Any CPU.ActiveCfg = Debug|Any CPU
		{87D26A18-E4B8-49FA-A967-9BADEE34A3F3}.Debug|Any CPU.Build.0 = Debug|Any CPU
		{87D26A18-E4B8-49FA-A967-9BADEE34A3F3}.Release|Any CPU.ActiveCfg = Release|Any CPU
		{87D26A18-E4B8-49FA-A967-9BADEE34A3F3}.Release|Any CPU.Build.0 = Release|Any CPU
		{3FA11C2E-78AD-4A8B-8189-C5B81C8998EF}.Debug|Any CPU.ActiveCfg = Debug|Any CPU
		{3FA11C2E-78AD-4A8B-8189-C5B81C8998EF}.Debug|Any CPU.Build.0 = Debug|Any CPU
		{3FA11C2E-78AD-4A8B-8189-C5B81C8998EF}.Release|Any CPU.ActiveCfg = Release|Any CPU
		{3FA11C2E-78AD-4A8B-8189-C5B81C8998EF}.Release|Any CPU.Build.0 = Release|Any CPU
	EndGlobalSection
	GlobalSection(SolutionProperties) = preSolution
		HideSolutionNode = FALSE
	EndGlobalSection
	GlobalSection(NestedProjects) = preSolution
		{59659E31-833F-449C-B171-F00DFDDBFA15} = {2CEAB162-FCE8-46C2-AE65-546040AF2DD8}
		{50892ED9-A10F-4C21-B1F9-B6413EC5FB0D} = {2CEAB162-FCE8-46C2-AE65-546040AF2DD8}
		{6140A7D3-90D3-4B0B-ABDB-71D906ACF89E} = {2CEAB162-FCE8-46C2-AE65-546040AF2DD8}
		{AC81E8C0-5A55-4843-830C-AEE2DAE5E343} = {2CEAB162-FCE8-46C2-AE65-546040AF2DD8}
		{FC7B1778-5ABC-4E46-AF8A-5E64039DB251} = {2CEAB162-FCE8-46C2-AE65-546040AF2DD8}
		{8D42CBF7-6657-458F-936D-F6278D7E4E82} = {2CEAB162-FCE8-46C2-AE65-546040AF2DD8}
		{8D205DA6-5415-4263-9BE8-FCAFCB971EEB} = {2CEAB162-FCE8-46C2-AE65-546040AF2DD8}
		{289BBAF9-A98B-4FFB-81E6-0D25EDDCBC69} = {2CEAB162-FCE8-46C2-AE65-546040AF2DD8}
		{1E626583-BEF0-4E47-A9E9-E6798560D746} = {2CEAB162-FCE8-46C2-AE65-546040AF2DD8}
		{914882E2-EA3D-4FD6-B6BA-FAE8F98DA2E4} = {2CEAB162-FCE8-46C2-AE65-546040AF2DD8}
		{C0668D32-16F0-4EF8-8C6E-0AB0A276933E} = {2CEAB162-FCE8-46C2-AE65-546040AF2DD8}
		{56B4BB2A-DFEF-456A-A93B-507840684D04} = {2CEAB162-FCE8-46C2-AE65-546040AF2DD8}
		{9C519042-09F1-4B84-A9B7-2AB015B1BDF0} = {2CEAB162-FCE8-46C2-AE65-546040AF2DD8}
		{BCBC405F-A13F-4B15-A015-02E749370072} = {2CEAB162-FCE8-46C2-AE65-546040AF2DD8}
		{3B3086DC-88E2-4CE0-A9A3-A081398305EE} = {2CEAB162-FCE8-46C2-AE65-546040AF2DD8}
		{124EF8F7-E3C3-4E98-A4BA-144EE5CFA739} = {2CEAB162-FCE8-46C2-AE65-546040AF2DD8}
		{5528CB9B-9EE2-474D-8DB7-3D9BDD78DE6B} = {2CEAB162-FCE8-46C2-AE65-546040AF2DD8}
		{66814170-7017-41EF-A60F-7F413404A4B4} = {C62A904C-8E67-497E-90BB-2491C799447C}
		{99FD9270-B8AA-4024-81F1-028165527626} = {C62A904C-8E67-497E-90BB-2491C799447C}
		{5B6B34A0-E421-451F-A141-6FB92B8DF6B1} = {C62A904C-8E67-497E-90BB-2491C799447C}
		{258B5EB3-015B-45C8-92EA-A6926791EE98} = {66814170-7017-41EF-A60F-7F413404A4B4}
		{49F3854D-D8F4-4755-8BD8-D4E33D679355} = {66814170-7017-41EF-A60F-7F413404A4B4}
		{4BD23384-9828-4452-9949-4670D0B7668F} = {99FD9270-B8AA-4024-81F1-028165527626}
		{205D92D0-9E4C-4C7B-B979-D049A53EB171} = {99FD9270-B8AA-4024-81F1-028165527626}
		{B9444172-B4B4-4A51-8F70-6D435671155C} = {5B6B34A0-E421-451F-A141-6FB92B8DF6B1}
		{722414A8-0AD1-4F95-85DD-C0C9B29F2CBF} = {5B6B34A0-E421-451F-A141-6FB92B8DF6B1}
		{7345DE8A-86D4-472B-A704-F381949FD57D} = {5B6B34A0-E421-451F-A141-6FB92B8DF6B1}
		{FAF764A0-7EB0-4049-8BC9-F3B4D20B1063} = {3CA23F01-9264-4772-951C-12319469D676}
		{A2470604-4E46-41C0-A8C2-6CBFB45819E4} = {3CA23F01-9264-4772-951C-12319469D676}
		{EF6CAC14-567B-451A-88AE-647737B94156} = {A2470604-4E46-41C0-A8C2-6CBFB45819E4}
		{D2C1D1B4-078C-4AD0-B3E0-7D50EFF64271} = {FAF764A0-7EB0-4049-8BC9-F3B4D20B1063}
		{09504A0D-4FC0-4061-9700-A67304BE6AF8} = {A2470604-4E46-41C0-A8C2-6CBFB45819E4}
		{1A12B1C6-1CC7-43EC-83D8-3E7F974BCBB1} = {FAF764A0-7EB0-4049-8BC9-F3B4D20B1063}
		{87D26A18-E4B8-49FA-A967-9BADEE34A3F3} = {2CEAB162-FCE8-46C2-AE65-546040AF2DD8}
		{3FA11C2E-78AD-4A8B-8189-C5B81C8998EF} = {876B259E-4356-464A-84C7-A4B087ED6CF4}
	EndGlobalSection
	GlobalSection(ExtensibilityGlobals) = postSolution
		SolutionGuid = {06A376C8-1D3F-493F-A2CD-0EB644F1D27E}
	EndGlobalSection
EndGlobal
